
Microsoft Visual Studio Solution File, Format Version 12.00
# Visual Studio Version 16
VisualStudioVersion = 16.0.33927.289
MinimumVisualStudioVersion = 10.0.40219.1
Project("{9092AA53-FB77-4645-B42D-1CCCA6BD08BD}") = "ApiServices", "ApiServices.njsproj", "{C829C506-43A3-4D4F-860B-52BCB1E7A842}"
EndProject
Global
	GlobalSection(SolutionConfigurationPlatforms) = preSolution
		Debug|Any CPU = Debug|Any CPU
		Release|Any CPU = Release|Any CPU
	EndGlobalSection
	GlobalSection(ProjectConfigurationPlatforms) = postSolution
		{C829C506-43A3-4D4F-860B-52BCB1E7A842}.Debug|Any CPU.ActiveCfg = Debug|Any CPU
		{C829C506-43A3-4D4F-860B-52BCB1E7A842}.Debug|Any CPU.Build.0 = Debug|Any CPU
		{C829C506-43A3-4D4F-860B-52BCB1E7A842}.Release|Any CPU.ActiveCfg = Release|Any CPU
		{C829C506-43A3-4D4F-860B-52BCB1E7A842}.Release|Any CPU.Build.0 = Release|Any CPU
	EndGlobalSection
	GlobalSection(SolutionProperties) = preSolution
		HideSolutionNode = FALSE
	EndGlobalSection
	GlobalSection(ExtensibilityGlobals) = postSolution
		SolutionGuid = {0E43B77E-6A3F-4348-B6B9-43AD72B20CA9}
	EndGlobalSection
EndGlobal
